
Microsoft Visual Studio Solution File, Format Version 12.00
# Visual Studio Version 17
VisualStudioVersion = 17.9.34321.82
MinimumVisualStudioVersion = 10.0.40219.1
Project("{2150E333-8FDC-42A3-9474-1A3956D46DE8}") = "Services", "Services", "{F4C4E792-EBBC-419D-B91D-7CC23C43D6B7}"
EndProject
Project("{2150E333-8FDC-42A3-9474-1A3956D46DE8}") = "Catalog", "Catalog", "{C38FCB7B-E56B-4D9C-B4C8-DE5A5C3BA7C1}"
EndProject
Project("{9A19103F-16F7-4668-BE54-9A1E7A4F7556}") = "MultiShop.Services.Catalog", "Services\Catalog\MultiShop.Services.Catalog\MultiShop.Services.Catalog.csproj", "{9273A01D-7EB5-4007-81CB-D6406C76620C}"
EndProject
Project("{2150E333-8FDC-42A3-9474-1A3956D46DE8}") = "Discount", "Discount", "{F6D6D30B-4445-409B-B652-901A005B2E62}"
EndProject
Project("{9A19103F-16F7-4668-BE54-9A1E7A4F7556}") = "MultiShop.Services.Discount", "Services\Discount\MultiShop.Services.Discount\MultiShop.Services.Discount.csproj", "{5650DB3D-6AD0-4552-A30D-12C2890849C7}"
EndProject
Project("{2150E333-8FDC-42A3-9474-1A3956D46DE8}") = "Order", "Order", "{81150836-8343-4C36-BB0E-5952F49A42C1}"
EndProject
Project("{2150E333-8FDC-42A3-9474-1A3956D46DE8}") = "Core", "Core", "{78FD72DB-971B-42AF-AD3F-A9173BF8C7F5}"
EndProject
Project("{2150E333-8FDC-42A3-9474-1A3956D46DE8}") = "Presentation", "Presentation", "{723ED0C1-912E-44AD-8E4B-88A639A8BE5A}"
EndProject
Project("{2150E333-8FDC-42A3-9474-1A3956D46DE8}") = "Infrastructure", "Infrastructure", "{75D7DAB2-8B4A-474B-A7C0-64B49C1FE4CD}"
EndProject
Project("{9A19103F-16F7-4668-BE54-9A1E7A4F7556}") = "MultiShop,Services.Order.Domain", "Servicess\Order\Core\MultiShop,Services.Order.Domain\MultiShop,Services.Order.Domain.csproj", "{A32195B4-6570-4E4E-B80B-AF34804D3BD0}"
EndProject
Project("{9A19103F-16F7-4668-BE54-9A1E7A4F7556}") = "MultiShop.Services.Order.Application", "Services\Order\Core\MultiShop.Services.Order.Application\MultiShop.Services.Order.Application.csproj", "{3EE8DED1-69B7-4B78-9686-6C67C8D6C971}"
EndProject
Project("{9A19103F-16F7-4668-BE54-9A1E7A4F7556}") = "MultiShop.Services.Order.Persistence", "Services\Order\Instructure\MultiShop.Services.Order.Persistence\MultiShop.Services.Order.Persistence.csproj", "{000A9AD9-740A-410B-B650-E4236DB34CEE}"
EndProject
Project("{9A19103F-16F7-4668-BE54-9A1E7A4F7556}") = "MultiShop.Services.Order.WebAPI", "Services\Order\Presentation\MultiShop.Services.Order.WebAPI\MultiShop.Services.Order.WebAPI.csproj", "{07B20D64-A514-42C0-A6C8-19D7846AFA4E}"
EndProject
Project("{2150E333-8FDC-42A3-9474-1A3956D46DE8}") = "IdentityServer", "IdentityServer", "{D0EDA379-F7FF-40B5-9C16-D5D60CDBE8EF}"
EndProject
Project("{9A19103F-16F7-4668-BE54-9A1E7A4F7556}") = "MultiShop.IdentityServer", "IdentityServer\MultiShop.IdentityServer\MultiShop.IdentityServer.csproj", "{F333733B-A0ED-4C7C-9983-5F81513F4312}"
EndProject
Project("{2150E333-8FDC-42A3-9474-1A3956D46DE8}") = "Cargo", "Cargo", "{36C85EB9-2EF2-43BF-8266-742006C79963}"
EndProject
Project("{FAE04EC0-301F-11D3-BF4B-00C04F79EFBC}") = "MultiShop.Services.Cargo.BusinessLayer", "Services\Cargo\MultiShop.Services.Cargo.BusinessLayer\MultiShop.Services.Cargo.BusinessLayer.csproj", "{482D27D8-2CF6-4F0C-93FF-CD28D46D25B5}"
EndProject
Project("{FAE04EC0-301F-11D3-BF4B-00C04F79EFBC}") = "MultiShop.Services.Cargo.EntityLayer", "Services\Cargo\MultiShop.Services.Cargo.EntityLayer\MultiShop.Services.Cargo.EntityLayer.csproj", "{27AED28A-C8B0-4140-87A9-1A999CD8E246}"
EndProject
Project("{FAE04EC0-301F-11D3-BF4B-00C04F79EFBC}") = "MultiShop.Services.Cargo.DataAccessLayer", "Services\Cargo\MultiShop.Services.Cargo.DataAccessLayer\MultiShop.Services.Cargo.DataAccessLayer.csproj", "{1918624C-77F6-49E2-B655-A8AB48F5BE5E}"
EndProject
Project("{FAE04EC0-301F-11D3-BF4B-00C04F79EFBC}") = "MultiShop.Services.Cargo.DTO", "MultiShop.Services.Cargo.DTO\MultiShop.Services.Cargo.DTO.csproj", "{A28EA2CA-6842-49A8-A3AC-D36DBAB18D9A}"
EndProject
Project("{FAE04EC0-301F-11D3-BF4B-00C04F79EFBC}") = "MultiShop.Services.Cargo.WebAPI", "Services\Cargo\MultiShop.Services.Cargo.WebAPI\MultiShop.Services.Cargo.WebAPI.csproj", "{30462C51-4766-413B-887A-32C0CEE3C064}"
EndProject
Global
	GlobalSection(SolutionConfigurationPlatforms) = preSolution
		Debug|Any CPU = Debug|Any CPU
		Release|Any CPU = Release|Any CPU
	EndGlobalSection
	GlobalSection(ProjectConfigurationPlatforms) = postSolution
		{9273A01D-7EB5-4007-81CB-D6406C76620C}.Debug|Any CPU.ActiveCfg = Debug|Any CPU
		{9273A01D-7EB5-4007-81CB-D6406C76620C}.Debug|Any CPU.Build.0 = Debug|Any CPU
		{9273A01D-7EB5-4007-81CB-D6406C76620C}.Release|Any CPU.ActiveCfg = Release|Any CPU
		{9273A01D-7EB5-4007-81CB-D6406C76620C}.Release|Any CPU.Build.0 = Release|Any CPU
		{5650DB3D-6AD0-4552-A30D-12C2890849C7}.Debug|Any CPU.ActiveCfg = Debug|Any CPU
		{5650DB3D-6AD0-4552-A30D-12C2890849C7}.Debug|Any CPU.Build.0 = Debug|Any CPU
		{5650DB3D-6AD0-4552-A30D-12C2890849C7}.Release|Any CPU.ActiveCfg = Release|Any CPU
		{5650DB3D-6AD0-4552-A30D-12C2890849C7}.Release|Any CPU.Build.0 = Release|Any CPU
		{A32195B4-6570-4E4E-B80B-AF34804D3BD0}.Debug|Any CPU.ActiveCfg = Debug|Any CPU
		{A32195B4-6570-4E4E-B80B-AF34804D3BD0}.Debug|Any CPU.Build.0 = Debug|Any CPU
		{A32195B4-6570-4E4E-B80B-AF34804D3BD0}.Release|Any CPU.ActiveCfg = Release|Any CPU
		{A32195B4-6570-4E4E-B80B-AF34804D3BD0}.Release|Any CPU.Build.0 = Release|Any CPU
		{3EE8DED1-69B7-4B78-9686-6C67C8D6C971}.Debug|Any CPU.ActiveCfg = Debug|Any CPU
		{3EE8DED1-69B7-4B78-9686-6C67C8D6C971}.Debug|Any CPU.Build.0 = Debug|Any CPU
		{3EE8DED1-69B7-4B78-9686-6C67C8D6C971}.Release|Any CPU.ActiveCfg = Release|Any CPU
		{3EE8DED1-69B7-4B78-9686-6C67C8D6C971}.Release|Any CPU.Build.0 = Release|Any CPU
		{000A9AD9-740A-410B-B650-E4236DB34CEE}.Debug|Any CPU.ActiveCfg = Debug|Any CPU
		{000A9AD9-740A-410B-B650-E4236DB34CEE}.Debug|Any CPU.Build.0 = Debug|Any CPU
		{000A9AD9-740A-410B-B650-E4236DB34CEE}.Release|Any CPU.ActiveCfg = Release|Any CPU
		{000A9AD9-740A-410B-B650-E4236DB34CEE}.Release|Any CPU.Build.0 = Release|Any CPU
		{07B20D64-A514-42C0-A6C8-19D7846AFA4E}.Debug|Any CPU.ActiveCfg = Debug|Any CPU
		{07B20D64-A514-42C0-A6C8-19D7846AFA4E}.Debug|Any CPU.Build.0 = Debug|Any CPU
		{07B20D64-A514-42C0-A6C8-19D7846AFA4E}.Release|Any CPU.ActiveCfg = Release|Any CPU
		{07B20D64-A514-42C0-A6C8-19D7846AFA4E}.Release|Any CPU.Build.0 = Release|Any CPU
		{F333733B-A0ED-4C7C-9983-5F81513F4312}.Debug|Any CPU.ActiveCfg = Debug|Any CPU
		{F333733B-A0ED-4C7C-9983-5F81513F4312}.Debug|Any CPU.Build.0 = Debug|Any CPU
		{F333733B-A0ED-4C7C-9983-5F81513F4312}.Release|Any CPU.ActiveCfg = Release|Any CPU
		{F333733B-A0ED-4C7C-9983-5F81513F4312}.Release|Any CPU.Build.0 = Release|Any CPU
		{482D27D8-2CF6-4F0C-93FF-CD28D46D25B5}.Debug|Any CPU.ActiveCfg = Debug|Any CPU
		{482D27D8-2CF6-4F0C-93FF-CD28D46D25B5}.Debug|Any CPU.Build.0 = Debug|Any CPU
		{482D27D8-2CF6-4F0C-93FF-CD28D46D25B5}.Release|Any CPU.ActiveCfg = Release|Any CPU
		{482D27D8-2CF6-4F0C-93FF-CD28D46D25B5}.Release|Any CPU.Build.0 = Release|Any CPU
		{27AED28A-C8B0-4140-87A9-1A999CD8E246}.Debug|Any CPU.ActiveCfg = Debug|Any CPU
		{27AED28A-C8B0-4140-87A9-1A999CD8E246}.Debug|Any CPU.Build.0 = Debug|Any CPU
		{27AED28A-C8B0-4140-87A9-1A999CD8E246}.Release|Any CPU.ActiveCfg = Release|Any CPU
		{27AED28A-C8B0-4140-87A9-1A999CD8E246}.Release|Any CPU.Build.0 = Release|Any CPU
		{1918624C-77F6-49E2-B655-A8AB48F5BE5E}.Debug|Any CPU.ActiveCfg = Debug|Any CPU
		{1918624C-77F6-49E2-B655-A8AB48F5BE5E}.Debug|Any CPU.Build.0 = Debug|Any CPU
		{1918624C-77F6-49E2-B655-A8AB48F5BE5E}.Release|Any CPU.ActiveCfg = Release|Any CPU
		{1918624C-77F6-49E2-B655-A8AB48F5BE5E}.Release|Any CPU.Build.0 = Release|Any CPU
		{A28EA2CA-6842-49A8-A3AC-D36DBAB18D9A}.Debug|Any CPU.ActiveCfg = Debug|Any CPU
		{A28EA2CA-6842-49A8-A3AC-D36DBAB18D9A}.Debug|Any CPU.Build.0 = Debug|Any CPU
		{A28EA2CA-6842-49A8-A3AC-D36DBAB18D9A}.Release|Any CPU.ActiveCfg = Release|Any CPU
		{A28EA2CA-6842-49A8-A3AC-D36DBAB18D9A}.Release|Any CPU.Build.0 = Release|Any CPU
		{30462C51-4766-413B-887A-32C0CEE3C064}.Debug|Any CPU.ActiveCfg = Debug|Any CPU
		{30462C51-4766-413B-887A-32C0CEE3C064}.Debug|Any CPU.Build.0 = Debug|Any CPU
		{30462C51-4766-413B-887A-32C0CEE3C064}.Release|Any CPU.ActiveCfg = Release|Any CPU
		{30462C51-4766-413B-887A-32C0CEE3C064}.Release|Any CPU.Build.0 = Release|Any CPU
	EndGlobalSection
	GlobalSection(SolutionProperties) = preSolution
		HideSolutionNode = FALSE
	EndGlobalSection
	GlobalSection(NestedProjects) = preSolution
		{C38FCB7B-E56B-4D9C-B4C8-DE5A5C3BA7C1} = {F4C4E792-EBBC-419D-B91D-7CC23C43D6B7}
		{9273A01D-7EB5-4007-81CB-D6406C76620C} = {C38FCB7B-E56B-4D9C-B4C8-DE5A5C3BA7C1}
		{F6D6D30B-4445-409B-B652-901A005B2E62} = {F4C4E792-EBBC-419D-B91D-7CC23C43D6B7}
		{5650DB3D-6AD0-4552-A30D-12C2890849C7} = {F6D6D30B-4445-409B-B652-901A005B2E62}
		{81150836-8343-4C36-BB0E-5952F49A42C1} = {F4C4E792-EBBC-419D-B91D-7CC23C43D6B7}
		{78FD72DB-971B-42AF-AD3F-A9173BF8C7F5} = {81150836-8343-4C36-BB0E-5952F49A42C1}
		{723ED0C1-912E-44AD-8E4B-88A639A8BE5A} = {81150836-8343-4C36-BB0E-5952F49A42C1}
		{75D7DAB2-8B4A-474B-A7C0-64B49C1FE4CD} = {81150836-8343-4C36-BB0E-5952F49A42C1}
		{A32195B4-6570-4E4E-B80B-AF34804D3BD0} = {78FD72DB-971B-42AF-AD3F-A9173BF8C7F5}
		{3EE8DED1-69B7-4B78-9686-6C67C8D6C971} = {78FD72DB-971B-42AF-AD3F-A9173BF8C7F5}
		{000A9AD9-740A-410B-B650-E4236DB34CEE} = {75D7DAB2-8B4A-474B-A7C0-64B49C1FE4CD}
		{07B20D64-A514-42C0-A6C8-19D7846AFA4E} = {723ED0C1-912E-44AD-8E4B-88A639A8BE5A}
		{F333733B-A0ED-4C7C-9983-5F81513F4312} = {D0EDA379-F7FF-40B5-9C16-D5D60CDBE8EF}
		{36C85EB9-2EF2-43BF-8266-742006C79963} = {F4C4E792-EBBC-419D-B91D-7CC23C43D6B7}
		{482D27D8-2CF6-4F0C-93FF-CD28D46D25B5} = {36C85EB9-2EF2-43BF-8266-742006C79963}
		{27AED28A-C8B0-4140-87A9-1A999CD8E246} = {36C85EB9-2EF2-43BF-8266-742006C79963}
		{1918624C-77F6-49E2-B655-A8AB48F5BE5E} = {36C85EB9-2EF2-43BF-8266-742006C79963}
		{A28EA2CA-6842-49A8-A3AC-D36DBAB18D9A} = {36C85EB9-2EF2-43BF-8266-742006C79963}
		{30462C51-4766-413B-887A-32C0CEE3C064} = {36C85EB9-2EF2-43BF-8266-742006C79963}
	EndGlobalSection
	GlobalSection(ExtensibilityGlobals) = postSolution
		SolutionGuid = {6667FD08-E50E-4056-A5EF-9A926177B6CE}
	EndGlobalSection
EndGlobal
